{
  "name": "acropolis-ch",
  "version": "1.0.1",
  "lockfileVersion": 2,
  "requires": true,
  "packages": {
    "": {
      "name": "acropolis-ch",
      "version": "1.0.1",
      "license": "Apache-2.0",
      "dependencies": {
        "acropolis-nd": "github:nickmilon/acropolis-nd",
        "undici": "^4.7.0"
      },
      "engines": {
        "node": ">=16.10.0"
      }
    },
    "node_modules/acropolis-nd": {
      "version": "0.2.6",
      "resolved": "git+ssh://git@github.com/nickmilon/acropolis-nd.git#db146b70808541ed62457feae4bd19c675d3a745",
      "license": "Apache-2.0",
      "dependencies": {
        "hipparchos": "^1.0.2"
      },
      "engines": {
        "node": ">=16.10.0"
      }
    },
    "node_modules/hipparchos": {
      "version": "1.0.2",
      "resolved": "https://registry.npmjs.org/hipparchos/-/hipparchos-1.0.2.tgz",
      "integrity": "sha512-6uvT66fMQhJCCBekxUkMENzREOBsvIJRO3kO84untVzrPRcVqLa4h8V9/EldlakrdQ8iDmFszgeFGWHClSmXWQ=="
    },
    "node_modules/undici": {
      "version": "4.7.0",
      "resolved": "https://registry.npmjs.org/undici/-/undici-4.7.0.tgz",
      "integrity": "sha512-O1q+/EIs4g0HnVMH8colei3qODGiYBLpavWYv3kI+JazBBsBIndnZfUqZ2MEfPJ12H9d56yVdwZG1/nV/xcoSQ==",
      "engines": {
        "node": ">=12.18"
      }
    }
  },
  "dependencies": {
    "acropolis-nd": {
      "version": "git+ssh://git@github.com/nickmilon/acropolis-nd.git#db146b70808541ed62457feae4bd19c675d3a745",
      "from": "acropolis-nd@git+https://github.com/nickmilon/acropolis-nd.git",
      "requires": {
        "hipparchos": "^1.0.2"
      }
    },
    "hipparchos": {
      "version": "1.0.2",
      "resolved": "https://registry.npmjs.org/hipparchos/-/hipparchos-1.0.2.tgz",
      "integrity": "sha512-6uvT66fMQhJCCBekxUkMENzREOBsvIJRO3kO84untVzrPRcVqLa4h8V9/EldlakrdQ8iDmFszgeFGWHClSmXWQ=="
    },
    "undici": {
      "version": "4.7.0",
      "resolved": "https://registry.npmjs.org/undici/-/undici-4.7.0.tgz",
      "integrity": "sha512-O1q+/EIs4g0HnVMH8colei3qODGiYBLpavWYv3kI+JazBBsBIndnZfUqZ2MEfPJ12H9d56yVdwZG1/nV/xcoSQ=="
    }
  }
}
